{
  "version": 4,
  "terraform_version": "0.12.19",
  "serial": 27,
  "lineage": "5ac41958-ca6d-22f8-5b1e-d3b0d10cdfef",
  "outputs": {},
  "resources": [
    {
      "module": "module.my-cluster",
      "mode": "data",
      "type": "aws_ami",
      "name": "eks_worker",
      "provider": "provider.aws",
      "instances": [
        {
          "schema_version": 0,
          "attributes": {
            "architecture": "x86_64",
            "arn": "arn:aws:ec2:us-east-1::image/ami-0390532ce2d4adf6e",
            "block_device_mappings": [
              {
                "device_name": "/dev/xvda",
                "ebs": {
                  "delete_on_termination": "true",
                  "encrypted": "false",
                  "iops": "0",
                  "snapshot_id": "snap-086800e91f0ca9b5a",
                  "volume_size": "20",
                  "volume_type": "gp2"
                },
                "no_device": "",
                "virtual_name": ""
              }
            ],
            "creation_date": "2020-06-18T23:50:13.000Z",
            "description": "EKS Kubernetes Worker AMI with AmazonLinux2 image, (k8s: 1.14.9, docker:19.03.6ce-4.amzn2)",
            "executable_users": null,
            "filter": [
              {
                "name": "name",
                "values": [
                  "amazon-eks-node-1.14-v*"
                ]
              }
            ],
            "hypervisor": "xen",
            "id": "ami-0390532ce2d4adf6e",
            "image_id": "ami-0390532ce2d4adf6e",
            "image_location": "amazon/amazon-eks-node-1.14-v20200618",
            "image_owner_alias": "amazon",
            "image_type": "machine",
            "kernel_id": null,
            "most_recent": true,
            "name": "amazon-eks-node-1.14-v20200618",
            "name_regex": null,
            "owner_id": "602401143452",
            "owners": [
              "602401143452"
            ],
            "platform": null,
            "product_codes": [],
            "public": true,
            "ramdisk_id": null,
            "root_device_name": "/dev/xvda",
            "root_device_type": "ebs",
            "root_snapshot_id": "snap-086800e91f0ca9b5a",
            "sriov_net_support": "simple",
            "state": "available",
            "state_reason": {
              "code": "UNSET",
              "message": "UNSET"
            },
            "tags": {},
            "virtualization_type": "hvm"
          }
        }
      ]
    },
    {
      "module": "module.my-cluster",
      "mode": "data",
      "type": "aws_ami",
      "name": "eks_worker_windows",
      "provider": "provider.aws",
      "instances": [
        {
          "schema_version": 0,
          "attributes": {
            "architecture": "x86_64",
            "arn": "arn:aws:ec2:us-east-1::image/ami-0a5fdbb2812f28e76",
            "block_device_mappings": [
              {
                "device_name": "/dev/sda1",
                "ebs": {
                  "delete_on_termination": "true",
                  "encrypted": "false",
                  "iops": "0",
                  "snapshot_id": "snap-061147bbd22e8d2cb",
                  "volume_size": "50",
                  "volume_type": "gp2"
                },
                "no_device": "",
                "virtual_name": ""
              },
              {
                "device_name": "xvdca",
                "ebs": {},
                "no_device": "",
                "virtual_name": "ephemeral0"
              },
              {
                "device_name": "xvdcb",
                "ebs": {},
                "no_device": "",
                "virtual_name": "ephemeral1"
              },
              {
                "device_name": "xvdcc",
                "ebs": {},
                "no_device": "",
                "virtual_name": "ephemeral2"
              },
              {
                "device_name": "xvdcd",
                "ebs": {},
                "no_device": "",
                "virtual_name": "ephemeral3"
              },
              {
                "device_name": "xvdce",
                "ebs": {},
                "no_device": "",
                "virtual_name": "ephemeral4"
              },
              {
                "device_name": "xvdcf",
                "ebs": {},
                "no_device": "",
                "virtual_name": "ephemeral5"
              },
              {
                "device_name": "xvdcg",
                "ebs": {},
                "no_device": "",
                "virtual_name": "ephemeral6"
              },
              {
                "device_name": "xvdch",
                "ebs": {},
                "no_device": "",
                "virtual_name": "ephemeral7"
              },
              {
                "device_name": "xvdci",
                "ebs": {},
                "no_device": "",
                "virtual_name": "ephemeral8"
              },
              {
                "device_name": "xvdcj",
                "ebs": {},
                "no_device": "",
                "virtual_name": "ephemeral9"
              },
              {
                "device_name": "xvdck",
                "ebs": {},
                "no_device": "",
                "virtual_name": "ephemeral10"
              },
              {
                "device_name": "xvdcl",
                "ebs": {},
                "no_device": "",
                "virtual_name": "ephemeral11"
              },
              {
                "device_name": "xvdcm",
                "ebs": {},
                "no_device": "",
                "virtual_name": "ephemeral12"
              },
              {
                "device_name": "xvdcn",
                "ebs": {},
                "no_device": "",
                "virtual_name": "ephemeral13"
              },
              {
                "device_name": "xvdco",
                "ebs": {},
                "no_device": "",
                "virtual_name": "ephemeral14"
              },
              {
                "device_name": "xvdcp",
                "ebs": {},
                "no_device": "",
                "virtual_name": "ephemeral15"
              },
              {
                "device_name": "xvdcq",
                "ebs": {},
                "no_device": "",
                "virtual_name": "ephemeral16"
              },
              {
                "device_name": "xvdcr",
                "ebs": {},
                "no_device": "",
                "virtual_name": "ephemeral17"
              },
              {
                "device_name": "xvdcs",
                "ebs": {},
                "no_device": "",
                "virtual_name": "ephemeral18"
              },
              {
                "device_name": "xvdct",
                "ebs": {},
                "no_device": "",
                "virtual_name": "ephemeral19"
              },
              {
                "device_name": "xvdcu",
                "ebs": {},
                "no_device": "",
                "virtual_name": "ephemeral20"
              },
              {
                "device_name": "xvdcv",
                "ebs": {},
                "no_device": "",
                "virtual_name": "ephemeral21"
              },
              {
                "device_name": "xvdcw",
                "ebs": {},
                "no_device": "",
                "virtual_name": "ephemeral22"
              },
              {
                "device_name": "xvdcx",
                "ebs": {},
                "no_device": "",
                "virtual_name": "ephemeral23"
              },
              {
                "device_name": "xvdcy",
                "ebs": {},
                "no_device": "",
                "virtual_name": "ephemeral24"
              },
              {
                "device_name": "xvdcz",
                "ebs": {},
                "no_device": "",
                "virtual_name": "ephemeral25"
              }
            ],
            "creation_date": "2020-06-10T07:59:58.000Z",
            "description": "Microsoft Windows Server 2019 Core optimized for EKS and provided by Amazon",
            "executable_users": null,
            "filter": [
              {
                "name": "name",
                "values": [
                  "Windows_Server-2019-English-Core-EKS_Optimized-1.14-*"
                ]
              },
              {
                "name": "platform",
                "values": [
                  "windows"
                ]
              }
            ],
            "hypervisor": "xen",
            "id": "ami-0a5fdbb2812f28e76",
            "image_id": "ami-0a5fdbb2812f28e76",
            "image_location": "amazon/Windows_Server-2019-English-Core-EKS_Optimized-1.14-2020.06.10",
            "image_owner_alias": "amazon",
            "image_type": "machine",
            "kernel_id": null,
            "most_recent": true,
            "name": "Windows_Server-2019-English-Core-EKS_Optimized-1.14-2020.06.10",
            "name_regex": null,
            "owner_id": "801119661308",
            "owners": [
              "801119661308"
            ],
            "platform": "windows",
            "product_codes": [],
            "public": true,
            "ramdisk_id": null,
            "root_device_name": "/dev/sda1",
            "root_device_type": "ebs",
            "root_snapshot_id": "snap-061147bbd22e8d2cb",
            "sriov_net_support": "simple",
            "state": "available",
            "state_reason": {
              "code": "UNSET",
              "message": "UNSET"
            },
            "tags": {},
            "virtualization_type": "hvm"
          }
        }
      ]
    },
    {
      "module": "module.my-cluster",
      "mode": "data",
      "type": "aws_caller_identity",
      "name": "current",
      "provider": "provider.aws",
      "instances": [
        {
          "schema_version": 0,
          "attributes": {
            "account_id": "766488873815",
            "arn": "arn:aws:sts::766488873815:assumed-role/London_bastion/i-05966bb05ab2b58c3",
            "id": "2020-07-01 00:03:19.902358212 +0000 UTC",
            "user_id": "AROA3E5SMBNL5ZRZBWWR4:i-05966bb05ab2b58c3"
          }
        }
      ]
    },
    {
      "mode": "data",
      "type": "aws_eks_cluster",
      "name": "cluster",
      "provider": "provider.aws",
      "instances": [
        {
          "schema_version": 0,
          "attributes": {
            "arn": "arn:aws:eks:us-east-1:766488873815:cluster/my-cluster",
            "certificate_authority": [
              {
                "data": "LS0tLS1CRUdJTiBDRVJUSUZJQ0FURS0tLS0tCk1JSUN5RENDQWJDZ0F3SUJBZ0lCQURBTkJna3Foa2lHOXcwQkFRc0ZBREFWTVJNd0VRWURWUVFERXdwcmRXSmwKY201bGRHVnpNQjRYRFRJd01EY3dNVEF3TVRVek4xb1hEVE13TURZeU9UQXdNVFV6TjFvd0ZURVRNQkVHQTFVRQpBeE1LYTNWaVpYSnVaWFJsY3pDQ0FTSXdEUVlKS29aSWh2Y05BUUVCQlFBRGdnRVBBRENDQVFvQ2dnRUJBTW02Ck1mOUN2ZWtWNy90TXI1RnZkZnlvMHVPZkJGcTJxdnNhcmNBb1RBK3dWTzlyVWI4VmgyWit0WmJlaUkrYitGNzgKZVRTeXBMRjRqOWlQWi9IR2VGeTVxdk5JNkhSangrU3ZLYXBWbVNNMmhMQjRsbnVtL1RmcUtaZjJLc1BqSS90TgplUVVLNjREWGdISTczRmZsbVRubVJEdWVuaHVIZEsxbzBBUUlXTkpod2FaYVpzVjhEZnk1NUVkcjhNa3p2V1gwCkZUWnFkVHlsaGFDS1FUTmlIT1o5SmI5NVNQcjZJSlBJMDZ4Qkl3R2xmcHYwR2lBdU9MM0Rnak0wajVyME9XUFMKekxvL1hFRUxZRGlNbThuVERobGRaRjdUeVVMUzJzQVJQWi95dDZ4VVNha2tzYXFaL0pjTEdtMzNJNmFZTWY4bQpQZEJBQUErVVBMUVZIMjhQU2RjQ0F3RUFBYU1qTUNFd0RnWURWUjBQQVFIL0JBUURBZ0trTUE4R0ExVWRFd0VCCi93UUZNQU1CQWY4d0RRWUpLb1pJaHZjTkFRRUxCUUFEZ2dFQkFGcFdYVXZyeG1JdnFlTE9KVjBkNTdTeHo0OVEKVms0QXp6bE5zS2dCd2lXbVVQN200UkpMRVJwZUNZbHFpckRkKzZEMnlNU3lOSUFJMTU0em9GeCtobWw5K3pCNwpoYnZjM0Z2a1RNbk4vQndqQ2Erb0ZOTjdBSnNDTWpHdm1mWkJIRmtpUHZjMnFlWmV3Z05ZdG01V1JBeTZra0xzCi9uRVpaSjZzek5INWhFWkVrWVFISGt6QUo5alRSMlVBWlNSdXdLejBsbCtFYnBhNnJXSTU3dGVhb3lPdnNOcUUKVThBaFQ4Nm9Ld0JDRm93WFkxYUNCSFRKTldyRXVlaWpDVVptemZTV3JFUTVOU3hBbDhQdWdUNG85MHo1WVRWKwppWURZY3RjaTZoWmJaVTQxYzBpMk5TRmhpRTcvYTBPWVEydjBHU1g3ejRmbXpTNlplMUV1R2ZnVEJJYz0KLS0tLS1FTkQgQ0VSVElGSUNBVEUtLS0tLQo="
              }
            ],
            "created_at": "2020-07-01 00:06:02 +0000 UTC",
            "enabled_cluster_log_types": [],
            "endpoint": "https://39CBAA32C523B08560522ADF44E5FCED.gr7.us-east-1.eks.amazonaws.com",
            "id": "my-cluster",
            "identity": [
              {
                "oidc": [
                  {
                    "issuer": "https://oidc.eks.us-east-1.amazonaws.com/id/39CBAA32C523B08560522ADF44E5FCED"
                  }
                ]
              }
            ],
            "name": "my-cluster",
            "platform_version": "eks.9",
            "role_arn": "arn:aws:iam::766488873815:role/my-cluster20200701000557685400000002",
            "status": "ACTIVE",
            "tags": {},
            "version": "1.14",
            "vpc_config": [
              {
                "cluster_security_group_id": "sg-0037ed8eb85e44c6a",
                "endpoint_private_access": false,
                "endpoint_public_access": true,
                "public_access_cidrs": [
                  "0.0.0.0/0"
                ],
                "security_group_ids": [
                  "sg-0d0252196f9b56796"
                ],
                "subnet_ids": [
                  "subnet-03e18c66ca2981170",
                  "subnet-0700a889e75c33acb",
                  "subnet-0d6651531358ce5fa"
                ],
                "vpc_id": "vpc-08323a3a6c5af6500"
              }
            ]
          }
        }
      ]
    },
    {
      "mode": "data",
      "type": "aws_eks_cluster_auth",
      "name": "cluster",
      "provider": "provider.aws",
      "instances": [
        {
          "schema_version": 0,
          "attributes": {
            "id": "2020-07-01 00:18:50.519217843 +0000 UTC",
            "name": "my-cluster",
            "token": "k8s-aws-v1.aHR0cHM6Ly9zdHMuYW1hem9uYXdzLmNvbS8_QWN0aW9uPUdldENhbGxlcklkZW50aXR5JlZlcnNpb249MjAxMS0wNi0xNSZYLUFtei1BbGdvcml0aG09QVdTNC1ITUFDLVNIQTI1NiZYLUFtei1DcmVkZW50aWFsPUFTSUEzRTVTTUJOTFhXTDZJVENOJTJGMjAyMDA3MDElMkZ1cy1lYXN0LTElMkZzdHMlMkZhd3M0X3JlcXVlc3QmWC1BbXotRGF0ZT0yMDIwMDcwMVQwMDE4NTBaJlgtQW16LUV4cGlyZXM9MCZYLUFtei1TZWN1cml0eS1Ub2tlbj1JUW9KYjNKcFoybHVYMlZqRUtEJTJGJTJGJTJGJTJGJTJGJTJGJTJGJTJGJTJGJTJGd0VhQ1dWMUxYZGxjM1F0TWlKR01FUUNJSDQ2dlU3U3FSRTRQYnVzSDlqVElJUXRkbUl5ZDg3Y1JhdkVPb1hmVThIUEFpQnVxUHkxNjZnQld5JTJGeDBxRGFYWm5ad0V1SG9Xc3NwMHkwM2lUMHNycnhFQ3EwQXdnNUVBQWFERGMyTmpRNE9EZzNNemd4TlNJTUVXMlQzQmdqOVdROTJoWTVLcEVESFl5d0J0TWlwRWROY2ZIZ0RETnJvQ2FkSkR2VndxdTNtOHQxNkM4VlNlNEVFcmhSaUFqOEpNa01lZ2lwbVZpWTdaMHUzazNUOUslMkJacXhHNTJEJTJCZGRjUnFTcVdOSzR5VEd6dGdxZFJqVUpJTUJodDUzcXBsVURRRnRnaWZyTVpwbnd3bTh3Y1R4VURhQ0klMkZSOUFQazBxc0NUZTQyc0VTeW1MSCUyRjVzcXVMYXhDNkZ2WkJCVnR2TVJSN1VGbndUaGMyUmNTUW43b1ZzYVB3Y3h1eUx4emUlMkZPR2tUbExDVzltNnpYYm1hSW9FTFpqbHlFMjF0TlNyb3JvcTlvMjFyRHpCTDIyNmppQzhoTnJud2dWdVFqWDhyViUyRjRLenk2alBXJTJGc3ZXUnNDSVJaZnRmZGFWN1lGRWVTdkZnRTZFa2tDckMzUmJENkM4NnhFcldzN3phWnJjSWN5VUd2JTJCcnYlMkZFUkxzWHBQbXRuaDBQdFdGZGxrV0c4ZzVFWSUyQm9oZGNqc1hrQm9FJTJGeTFoa1BIREROcTNLcDBJUXg0JTJGWE8yUlhyNmV2YmlFQ013OXFmdUp2WG1WMFh3dmR5aDl4TzBuNVFHbkNYVFg4VHl3JTJCSGVpZlhZRmphcjBXOUk2dWx5dUxNSWNnMXc0V2szQmNiODVaNnYwdGg0Mjc5MXk1NHNLQVpxSmh1JTJCTmMzaFJlcWtmWHkwR1RScm9uQUV3JTJGYVR2OXdVNjdBRzFvWHNOU2xsTFZlU3g4dGIzaTF5SUM1ckRHdFpiNDR3MlVNbHZtczl2Zm9kQSUyRm9tZ1ByMkdLdiUyRm44a1FIMFVCdU1mVEE0clZPRlBWbmFYTXR4alclMkZkQm9SR3lzUDU5ZVNtUCUyQmV5ZWVDV1c3VmpPRjV4MTJUcEdQZGs3OWNXcXhUaVklMkYlMkJuemhRN1VCeWl6dVZiVGVwZFIwSGVPQklPaGNKTXRWTVl2JTJCYkY1dkYyMjJzemREMjMyRnFjNSUyQlJMOUtBJTJCNW4lMkI3JTJCZ3ppTGhYTFY3U0d1RmlJNmkwdkpHbWg4YXpuYjdmdFhLVmF1VEdkT2VqMmxsUE5nR3VKTjlxRVlSTEMwQzR2aTBPbSUyRkZUdFZycnRrUFZTYyUyRlBVdDJrenZDcUtkY1NxU1Z6bFRSc1JIJTJCbGdUd0M2MDdCVEElM0QlM0QmWC1BbXotU2lnbmVkSGVhZGVycz1ob3N0JTNCeC1rOHMtYXdzLWlkJlgtQW16LVNpZ25hdHVyZT0yODVkMjAwYmUyMmE0YTZjMjNkMDQyYTZjM2ZlOGRmMzk1OGI0ZWYwN2RmMmZkOTA2NzgyZjdiN2YwNDNjYWZm"
          }
        }
      ]
    },
    {
      "module": "module.my-cluster",
      "mode": "data",
      "type": "aws_iam_instance_profile",
      "name": "custom_worker_group_iam_instance_profile",
      "each": "list",
      "provider": "provider.aws",
      "instances": []
    },
    {
      "module": "module.my-cluster",
      "mode": "data",
      "type": "aws_iam_instance_profile",
      "name": "custom_worker_group_launch_template_iam_instance_profile",
      "each": "list",
      "provider": "provider.aws",
      "instances": []
    },
    {
      "module": "module.my-cluster",
      "mode": "data",
      "type": "aws_iam_policy_document",
      "name": "cluster_assume_role_policy",
      "provider": "provider.aws",
      "instances": [
        {
          "schema_version": 0,
          "attributes": {
            "id": "2764486067",
            "json": "{\n  \"Version\": \"2012-10-17\",\n  \"Statement\": [\n    {\n      \"Sid\": \"EKSClusterAssumeRole\",\n      \"Effect\": \"Allow\",\n      \"Action\": \"sts:AssumeRole\",\n      \"Principal\": {\n        \"Service\": \"eks.amazonaws.com\"\n      }\n    }\n  ]\n}",
            "override_json": null,
            "policy_id": null,
            "source_json": null,
            "statement": [
              {
                "actions": [
                  "sts:AssumeRole"
                ],
                "condition": [],
                "effect": "Allow",
                "not_actions": [],
                "not_principals": [],
                "not_resources": [],
                "principals": [
                  {
                    "identifiers": [
                      "eks.amazonaws.com"
                    ],
                    "type": "Service"
                  }
                ],
                "resources": [],
                "sid": "EKSClusterAssumeRole"
              }
            ],
            "version": "2012-10-17"
          }
        }
      ]
    },
    {
      "module": "module.my-cluster",
      "mode": "data",
      "type": "aws_iam_policy_document",
      "name": "workers_assume_role_policy",
      "provider": "provider.aws",
      "instances": [
        {
          "schema_version": 0,
          "attributes": {
            "id": "3778018924",
            "json": "{\n  \"Version\": \"2012-10-17\",\n  \"Statement\": [\n    {\n      \"Sid\": \"EKSWorkerAssumeRole\",\n      \"Effect\": \"Allow\",\n      \"Action\": \"sts:AssumeRole\",\n      \"Principal\": {\n        \"Service\": \"ec2.amazonaws.com\"\n      }\n    }\n  ]\n}",
            "override_json": null,
            "policy_id": null,
            "source_json": null,
            "statement": [
              {
                "actions": [
                  "sts:AssumeRole"
                ],
                "condition": [],
                "effect": "Allow",
                "not_actions": [],
                "not_principals": [],
                "not_resources": [],
                "principals": [
                  {
                    "identifiers": [
                      "ec2.amazonaws.com"
                    ],
                    "type": "Service"
                  }
                ],
                "resources": [],
                "sid": "EKSWorkerAssumeRole"
              }
            ],
            "version": "2012-10-17"
          }
        }
      ]
    },
    {
      "module": "module.my-cluster",
      "mode": "data",
      "type": "aws_iam_role",
      "name": "custom_cluster_iam_role",
      "each": "list",
      "provider": "provider.aws",
      "instances": []
    },
    {
      "module": "module.my-cluster",
      "mode": "data",
      "type": "aws_partition",
      "name": "current",
      "provider": "provider.aws",
      "instances": [
        {
          "schema_version": 0,
          "attributes": {
            "dns_suffix": "amazonaws.com",
            "id": "2020-07-01 00:03:19.585882984 +0000 UTC",
            "partition": "aws"
          }
        }
      ]
    },
    {
      "module": "module.my-cluster",
      "mode": "data",
      "type": "null_data_source",
      "name": "node_groups",
      "each": "list",
      "provider": "provider.null",
      "instances": [
        {
          "index_key": 0,
          "schema_version": 0,
          "attributes": {
            "has_computed_default": "default",
            "id": "static",
            "inputs": {
              "aws_auth": "kube-system/aws-auth",
              "cluster_name": "my-cluster",
              "role_CNI_Policy": "my-cluster20200701001850541100000006-20200701001851609100000008",
              "role_Container": "my-cluster20200701001850541100000006-2020070100185163430000000a",
              "role_NodePolicy": "my-cluster20200701001850541100000006-20200701001851611400000009"
            },
            "outputs": {
              "aws_auth": "kube-system/aws-auth",
              "cluster_name": "my-cluster",
              "role_CNI_Policy": "my-cluster20200701001850541100000006-20200701001851609100000008",
              "role_Container": "my-cluster20200701001850541100000006-2020070100185163430000000a",
              "role_NodePolicy": "my-cluster20200701001850541100000006-20200701001851611400000009"
            },
            "random": "3536187855738224733"
          }
        }
      ]
    },
    {
      "module": "module.my-cluster",
      "mode": "managed",
      "type": "aws_autoscaling_group",
      "name": "workers",
      "each": "list",
      "provider": "provider.aws",
      "instances": [
        {
          "index_key": 0,
          "schema_version": 0,
          "attributes": {
            "arn": "arn:aws:autoscaling:us-east-1:766488873815:autoScalingGroup:5d4b7cfb-4714-4ee9-9747-994aa8a6ebc5:autoScalingGroupName/my-cluster-02020070100190478760000000c",
            "availability_zones": [
              "us-east-1a",
              "us-east-1b",
              "us-east-1c"
            ],
            "default_cooldown": 300,
            "desired_capacity": 1,
            "enabled_metrics": null,
            "force_delete": false,
            "health_check_grace_period": 300,
            "health_check_type": "EC2",
            "id": "my-cluster-02020070100190478760000000c",
            "initial_lifecycle_hook": [],
            "launch_configuration": "my-cluster-02020070100185450390000000b",
            "launch_template": [],
            "load_balancers": [],
            "max_instance_lifetime": 0,
            "max_size": 5,
            "metrics_granularity": "1Minute",
            "min_elb_capacity": null,
            "min_size": 1,
            "mixed_instances_policy": [],
            "name": "my-cluster-02020070100190478760000000c",
            "name_prefix": "my-cluster-0",
            "placement_group": "",
            "protect_from_scale_in": false,
            "service_linked_role_arn": "arn:aws:iam::766488873815:role/aws-service-role/autoscaling.amazonaws.com/AWSServiceRoleForAutoScaling",
            "suspended_processes": [
              "AZRebalance"
            ],
            "tag": [],
            "tags": [
              {
                "key": "Name",
                "propagate_at_launch": "true",
                "value": "my-cluster-0-eks_asg"
              },
              {
                "key": "k8s.io/cluster/my-cluster",
                "propagate_at_launch": "true",
                "value": "owned"
              },
              {
                "key": "kubernetes.io/cluster/my-cluster",
                "propagate_at_launch": "true",
                "value": "owned"
              }
            ],
            "target_group_arns": [],
            "termination_policies": [],
            "timeouts": null,
            "vpc_zone_identifier": [
              "subnet-03e18c66ca2981170",
              "subnet-0700a889e75c33acb",
              "subnet-0d6651531358ce5fa"
            ],
            "wait_for_capacity_timeout": "10m",
            "wait_for_elb_capacity": null
          },
          "private": "eyJlMmJmYjczMC1lY2FhLTExZTYtOGY4OC0zNDM2M2JjN2M0YzAiOnsiZGVsZXRlIjo2MDAwMDAwMDAwMDB9fQ==",
          "dependencies": [
            "module.my-cluster.aws_cloudwatch_log_group.this",
            "module.my-cluster.aws_eks_cluster.this",
            "module.my-cluster.aws_iam_instance_profile.workers",
            "module.my-cluster.aws_iam_role.cluster",
            "module.my-cluster.aws_iam_role.workers",
            "module.my-cluster.aws_iam_role_policy_attachment.cluster_AmazonEKSClusterPolicy",
            "module.my-cluster.aws_iam_role_policy_attachment.cluster_AmazonEKSServicePolicy",
            "module.my-cluster.aws_launch_configuration.workers",
            "module.my-cluster.aws_security_group.cluster",
            "module.my-cluster.aws_security_group.workers",
            "module.my-cluster.random_pet.workers"
          ]
        }
      ]
    },
    {
      "module": "module.my-cluster",
      "mode": "managed",
      "type": "aws_autoscaling_group",
      "name": "workers_launch_template",
      "each": "list",
      "provider": "provider.aws",
      "instances": []
    },
    {
      "module": "module.my-cluster",
      "mode": "managed",
      "type": "aws_cloudwatch_log_group",
      "name": "this",
      "each": "list",
      "provider": "provider.aws",
      "instances": []
    },
    {
      "module": "module.my-cluster",
      "mode": "managed",
      "type": "aws_eks_cluster",
      "name": "this",
      "each": "list",
      "provider": "provider.aws",
      "instances": [
        {
          "index_key": 0,
          "schema_version": 0,
          "attributes": {
            "arn": "arn:aws:eks:us-east-1:766488873815:cluster/my-cluster",
            "certificate_authority": [
              {
                "data": "LS0tLS1CRUdJTiBDRVJUSUZJQ0FURS0tLS0tCk1JSUN5RENDQWJDZ0F3SUJBZ0lCQURBTkJna3Foa2lHOXcwQkFRc0ZBREFWTVJNd0VRWURWUVFERXdwcmRXSmwKY201bGRHVnpNQjRYRFRJd01EY3dNVEF3TVRVek4xb1hEVE13TURZeU9UQXdNVFV6TjFvd0ZURVRNQkVHQTFVRQpBeE1LYTNWaVpYSnVaWFJsY3pDQ0FTSXdEUVlKS29aSWh2Y05BUUVCQlFBRGdnRVBBRENDQVFvQ2dnRUJBTW02Ck1mOUN2ZWtWNy90TXI1RnZkZnlvMHVPZkJGcTJxdnNhcmNBb1RBK3dWTzlyVWI4VmgyWit0WmJlaUkrYitGNzgKZVRTeXBMRjRqOWlQWi9IR2VGeTVxdk5JNkhSangrU3ZLYXBWbVNNMmhMQjRsbnVtL1RmcUtaZjJLc1BqSS90TgplUVVLNjREWGdISTczRmZsbVRubVJEdWVuaHVIZEsxbzBBUUlXTkpod2FaYVpzVjhEZnk1NUVkcjhNa3p2V1gwCkZUWnFkVHlsaGFDS1FUTmlIT1o5SmI5NVNQcjZJSlBJMDZ4Qkl3R2xmcHYwR2lBdU9MM0Rnak0wajVyME9XUFMKekxvL1hFRUxZRGlNbThuVERobGRaRjdUeVVMUzJzQVJQWi95dDZ4VVNha2tzYXFaL0pjTEdtMzNJNmFZTWY4bQpQZEJBQUErVVBMUVZIMjhQU2RjQ0F3RUFBYU1qTUNFd0RnWURWUjBQQVFIL0JBUURBZ0trTUE4R0ExVWRFd0VCCi93UUZNQU1CQWY4d0RRWUpLb1pJaHZjTkFRRUxCUUFEZ2dFQkFGcFdYVXZyeG1JdnFlTE9KVjBkNTdTeHo0OVEKVms0QXp6bE5zS2dCd2lXbVVQN200UkpMRVJwZUNZbHFpckRkKzZEMnlNU3lOSUFJMTU0em9GeCtobWw5K3pCNwpoYnZjM0Z2a1RNbk4vQndqQ2Erb0ZOTjdBSnNDTWpHdm1mWkJIRmtpUHZjMnFlWmV3Z05ZdG01V1JBeTZra0xzCi9uRVpaSjZzek5INWhFWkVrWVFISGt6QUo5alRSMlVBWlNSdXdLejBsbCtFYnBhNnJXSTU3dGVhb3lPdnNOcUUKVThBaFQ4Nm9Ld0JDRm93WFkxYUNCSFRKTldyRXVlaWpDVVptemZTV3JFUTVOU3hBbDhQdWdUNG85MHo1WVRWKwppWURZY3RjaTZoWmJaVTQxYzBpMk5TRmhpRTcvYTBPWVEydjBHU1g3ejRmbXpTNlplMUV1R2ZnVEJJYz0KLS0tLS1FTkQgQ0VSVElGSUNBVEUtLS0tLQo="
              }
            ],
            "created_at": "2020-07-01 00:06:02 +0000 UTC",
            "enabled_cluster_log_types": null,
            "encryption_config": [],
            "endpoint": "https://39CBAA32C523B08560522ADF44E5FCED.gr7.us-east-1.eks.amazonaws.com",
            "id": "my-cluster",
            "identity": [
              {
                "oidc": [
                  {
                    "issuer": "https://oidc.eks.us-east-1.amazonaws.com/id/39CBAA32C523B08560522ADF44E5FCED"
                  }
                ]
              }
            ],
            "name": "my-cluster",
            "platform_version": "eks.9",
            "role_arn": "arn:aws:iam::766488873815:role/my-cluster20200701000557685400000002",
            "status": "ACTIVE",
            "tags": null,
            "timeouts": {
              "create": "30m",
              "delete": "15m",
              "update": null
            },
            "version": "1.14",
            "vpc_config": [
              {
                "cluster_security_group_id": "sg-0037ed8eb85e44c6a",
                "endpoint_private_access": false,
                "endpoint_public_access": true,
                "public_access_cidrs": [
                  "0.0.0.0/0"
                ],
                "security_group_ids": [
                  "sg-0d0252196f9b56796"
                ],
                "subnet_ids": [
                  "subnet-03e18c66ca2981170",
                  "subnet-0700a889e75c33acb",
                  "subnet-0d6651531358ce5fa"
                ],
                "vpc_id": "vpc-08323a3a6c5af6500"
              }
            ]
          },
          "private": "eyJlMmJmYjczMC1lY2FhLTExZTYtOGY4OC0zNDM2M2JjN2M0YzAiOnsiY3JlYXRlIjoxODAwMDAwMDAwMDAwLCJkZWxldGUiOjkwMDAwMDAwMDAwMCwidXBkYXRlIjozNjAwMDAwMDAwMDAwfX0=",
          "dependencies": [
            "module.my-cluster.aws_cloudwatch_log_group.this",
            "module.my-cluster.aws_iam_role.cluster",
            "module.my-cluster.aws_iam_role_policy_attachment.cluster_AmazonEKSClusterPolicy",
            "module.my-cluster.aws_iam_role_policy_attachment.cluster_AmazonEKSServicePolicy",
            "module.my-cluster.aws_security_group.cluster"
          ]
        }
      ]
    },
    {
      "module": "module.my-cluster.module.node_groups",
      "mode": "managed",
      "type": "aws_eks_node_group",
      "name": "workers",
      "each": "map",
      "provider": "provider.aws",
      "instances": []
    },
    {
      "module": "module.my-cluster",
      "mode": "managed",
      "type": "aws_iam_instance_profile",
      "name": "workers",
      "each": "list",
      "provider": "provider.aws",
      "instances": [
        {
          "index_key": 0,
          "schema_version": 0,
          "attributes": {
            "arn": "arn:aws:iam::766488873815:instance-profile/my-cluster20200701001851255600000007",
            "create_date": "2020-07-01T00:18:51Z",
            "id": "my-cluster20200701001851255600000007",
            "name": "my-cluster20200701001851255600000007",
            "name_prefix": "my-cluster",
            "path": "/",
            "role": "my-cluster20200701001850541100000006",
            "roles": [],
            "unique_id": "AIPA3E5SMBNLUEHPIDFCQ"
          },
          "private": "bnVsbA==",
          "dependencies": [
            "module.my-cluster.aws_cloudwatch_log_group.this",
            "module.my-cluster.aws_eks_cluster.this",
            "module.my-cluster.aws_iam_role.cluster",
            "module.my-cluster.aws_iam_role.workers",
            "module.my-cluster.aws_iam_role_policy_attachment.cluster_AmazonEKSClusterPolicy",
            "module.my-cluster.aws_iam_role_policy_attachment.cluster_AmazonEKSServicePolicy",
            "module.my-cluster.aws_security_group.cluster"
          ]
        }
      ]
    },
    {
      "module": "module.my-cluster",
      "mode": "managed",
      "type": "aws_iam_instance_profile",
      "name": "workers_launch_template",
      "each": "list",
      "provider": "provider.aws",
      "instances": []
    },
    {
      "module": "module.my-cluster",
      "mode": "managed",
      "type": "aws_iam_openid_connect_provider",
      "name": "oidc_provider",
      "each": "list",
      "provider": "provider.aws",
      "instances": []
    },
    {
      "module": "module.my-cluster",
      "mode": "managed",
      "type": "aws_iam_role",
      "name": "cluster",
      "each": "list",
      "provider": "provider.aws",
      "instances": [
        {
          "index_key": 0,
          "schema_version": 0,
          "attributes": {
            "arn": "arn:aws:iam::766488873815:role/my-cluster20200701000557685400000002",
            "assume_role_policy": "{\"Version\":\"2012-10-17\",\"Statement\":[{\"Sid\":\"EKSClusterAssumeRole\",\"Effect\":\"Allow\",\"Principal\":{\"Service\":\"eks.amazonaws.com\"},\"Action\":\"sts:AssumeRole\"}]}",
            "create_date": "2020-07-01T00:05:58Z",
            "description": "",
            "force_detach_policies": true,
            "id": "my-cluster20200701000557685400000002",
            "max_session_duration": 3600,
            "name": "my-cluster20200701000557685400000002",
            "name_prefix": "my-cluster",
            "path": "/",
            "permissions_boundary": null,
            "tags": null,
            "unique_id": "AROA3E5SMBNLZGWVDR4EK"
          },
          "private": "bnVsbA=="
        }
      ]
    },
    {
      "module": "module.my-cluster",
      "mode": "managed",
      "type": "aws_iam_role",
      "name": "workers",
      "each": "list",
      "provider": "provider.aws",
      "instances": [
        {
          "index_key": 0,
          "schema_version": 0,
          "attributes": {
            "arn": "arn:aws:iam::766488873815:role/my-cluster20200701001850541100000006",
            "assume_role_policy": "{\"Version\":\"2012-10-17\",\"Statement\":[{\"Sid\":\"EKSWorkerAssumeRole\",\"Effect\":\"Allow\",\"Principal\":{\"Service\":\"ec2.amazonaws.com\"},\"Action\":\"sts:AssumeRole\"}]}",
            "create_date": "2020-07-01T00:18:50Z",
            "description": "",
            "force_detach_policies": true,
            "id": "my-cluster20200701001850541100000006",
            "max_session_duration": 3600,
            "name": "my-cluster20200701001850541100000006",
            "name_prefix": "my-cluster",
            "path": "/",
            "permissions_boundary": null,
            "tags": null,
            "unique_id": "AROA3E5SMBNL4BGSG7JJV"
          },
          "private": "bnVsbA==",
          "dependencies": [
            "module.my-cluster.aws_cloudwatch_log_group.this",
            "module.my-cluster.aws_eks_cluster.this",
            "module.my-cluster.aws_iam_role.cluster",
            "module.my-cluster.aws_iam_role_policy_attachment.cluster_AmazonEKSClusterPolicy",
            "module.my-cluster.aws_iam_role_policy_attachment.cluster_AmazonEKSServicePolicy",
            "module.my-cluster.aws_security_group.cluster"
          ]
        }
      ]
    },
    {
      "module": "module.my-cluster",
      "mode": "managed",
      "type": "aws_iam_role_policy_attachment",
      "name": "cluster_AmazonEKSClusterPolicy",
      "each": "list",
      "provider": "provider.aws",
      "instances": [
        {
          "index_key": 0,
          "schema_version": 0,
          "attributes": {
            "id": "my-cluster20200701000557685400000002-20200701000558854300000003",
            "policy_arn": "arn:aws:iam::aws:policy/AmazonEKSClusterPolicy",
            "role": "my-cluster20200701000557685400000002"
          },
          "private": "bnVsbA==",
          "dependencies": [
            "module.my-cluster.aws_iam_role.cluster"
          ]
        }
      ]
    },
    {
      "module": "module.my-cluster",
      "mode": "managed",
      "type": "aws_iam_role_policy_attachment",
      "name": "cluster_AmazonEKSServicePolicy",
      "each": "list",
      "provider": "provider.aws",
      "instances": [
        {
          "index_key": 0,
          "schema_version": 0,
          "attributes": {
            "id": "my-cluster20200701000557685400000002-20200701000558881000000004",
            "policy_arn": "arn:aws:iam::aws:policy/AmazonEKSServicePolicy",
            "role": "my-cluster20200701000557685400000002"
          },
          "private": "bnVsbA==",
          "dependencies": [
            "module.my-cluster.aws_iam_role.cluster"
          ]
        }
      ]
    },
    {
      "module": "module.my-cluster",
      "mode": "managed",
      "type": "aws_iam_role_policy_attachment",
      "name": "workers_AmazonEC2ContainerRegistryReadOnly",
      "each": "list",
      "provider": "provider.aws",
      "instances": [
        {
          "index_key": 0,
          "schema_version": 0,
          "attributes": {
            "id": "my-cluster20200701001850541100000006-2020070100185163430000000a",
            "policy_arn": "arn:aws:iam::aws:policy/AmazonEC2ContainerRegistryReadOnly",
            "role": "my-cluster20200701001850541100000006"
          },
          "private": "bnVsbA==",
          "dependencies": [
            "module.my-cluster.aws_cloudwatch_log_group.this",
            "module.my-cluster.aws_eks_cluster.this",
            "module.my-cluster.aws_iam_role.cluster",
            "module.my-cluster.aws_iam_role.workers",
            "module.my-cluster.aws_iam_role_policy_attachment.cluster_AmazonEKSClusterPolicy",
            "module.my-cluster.aws_iam_role_policy_attachment.cluster_AmazonEKSServicePolicy",
            "module.my-cluster.aws_security_group.cluster"
          ]
        }
      ]
    },
    {
      "module": "module.my-cluster",
      "mode": "managed",
      "type": "aws_iam_role_policy_attachment",
      "name": "workers_AmazonEKSWorkerNodePolicy",
      "each": "list",
      "provider": "provider.aws",
      "instances": [
        {
          "index_key": 0,
          "schema_version": 0,
          "attributes": {
            "id": "my-cluster20200701001850541100000006-20200701001851611400000009",
            "policy_arn": "arn:aws:iam::aws:policy/AmazonEKSWorkerNodePolicy",
            "role": "my-cluster20200701001850541100000006"
          },
          "private": "bnVsbA==",
          "dependencies": [
            "module.my-cluster.aws_cloudwatch_log_group.this",
            "module.my-cluster.aws_eks_cluster.this",
            "module.my-cluster.aws_iam_role.cluster",
            "module.my-cluster.aws_iam_role.workers",
            "module.my-cluster.aws_iam_role_policy_attachment.cluster_AmazonEKSClusterPolicy",
            "module.my-cluster.aws_iam_role_policy_attachment.cluster_AmazonEKSServicePolicy",
            "module.my-cluster.aws_security_group.cluster"
          ]
        }
      ]
    },
    {
      "module": "module.my-cluster",
      "mode": "managed",
      "type": "aws_iam_role_policy_attachment",
      "name": "workers_AmazonEKS_CNI_Policy",
      "each": "list",
      "provider": "provider.aws",
      "instances": [
        {
          "index_key": 0,
          "schema_version": 0,
          "attributes": {
            "id": "my-cluster20200701001850541100000006-20200701001851609100000008",
            "policy_arn": "arn:aws:iam::aws:policy/AmazonEKS_CNI_Policy",
            "role": "my-cluster20200701001850541100000006"
          },
          "private": "bnVsbA==",
          "dependencies": [
            "module.my-cluster.aws_cloudwatch_log_group.this",
            "module.my-cluster.aws_eks_cluster.this",
            "module.my-cluster.aws_iam_role.cluster",
            "module.my-cluster.aws_iam_role.workers",
            "module.my-cluster.aws_iam_role_policy_attachment.cluster_AmazonEKSClusterPolicy",
            "module.my-cluster.aws_iam_role_policy_attachment.cluster_AmazonEKSServicePolicy",
            "module.my-cluster.aws_security_group.cluster"
          ]
        }
      ]
    },
    {
      "module": "module.my-cluster",
      "mode": "managed",
      "type": "aws_iam_role_policy_attachment",
      "name": "workers_additional_policies",
      "each": "list",
      "provider": "provider.aws",
      "instances": []
    },
    {
      "module": "module.my-cluster",
      "mode": "managed",
      "type": "aws_launch_configuration",
      "name": "workers",
      "each": "list",
      "provider": "provider.aws",
      "instances": [
        {
          "index_key": 0,
          "schema_version": 0,
          "attributes": {
            "arn": "arn:aws:autoscaling:us-east-1:766488873815:launchConfiguration:9e34ed56-0bcd-4a25-a1b7-e71a2ab58986:launchConfigurationName/my-cluster-02020070100185450390000000b",
            "associate_public_ip_address": false,
            "ebs_block_device": [],
            "ebs_optimized": true,
            "enable_monitoring": true,
            "ephemeral_block_device": [],
            "iam_instance_profile": "my-cluster20200701001851255600000007",
            "id": "my-cluster-02020070100185450390000000b",
            "image_id": "ami-0390532ce2d4adf6e",
            "instance_type": "m4.large",
            "key_name": "",
            "name": "my-cluster-02020070100185450390000000b",
            "name_prefix": "my-cluster-0",
            "placement_tenancy": "",
            "root_block_device": [
              {
                "delete_on_termination": true,
                "encrypted": false,
                "iops": 0,
                "volume_size": 100,
                "volume_type": "gp2"
              }
            ],
            "security_groups": [
              "sg-0e890271a880a3067"
            ],
            "spot_price": "",
            "user_data": null,
            "user_data_base64": "IyEvYmluL2Jhc2ggLXhlCgojIEFsbG93IHVzZXIgc3VwcGxpZWQgcHJlIHVzZXJkYXRhIGNvZGUKCgojIEJvb3RzdHJhcCBhbmQgam9pbiB0aGUgY2x1c3RlcgovZXRjL2Vrcy9ib290c3RyYXAuc2ggLS1iNjQtY2x1c3Rlci1jYSAnTFMwdExTMUNSVWRKVGlCRFJWSlVTVVpKUTBGVVJTMHRMUzB0Q2sxSlNVTjVSRU5EUVdKRFowRjNTVUpCWjBsQ1FVUkJUa0puYTNGb2EybEhPWGN3UWtGUmMwWkJSRUZXVFZKTmQwVlJXVVJXVVZGRVJYZHdjbVJYU213S1kyMDFiR1JIVm5wTlFqUllSRlJKZDAxRVkzZE5WRUYzVFZSVmVrNHhiMWhFVkUxM1RVUlplVTlVUVhkTlZGVjZUakZ2ZDBaVVJWUk5Ra1ZIUVRGVlJRcEJlRTFMWVROV2FWcFlTblZhV0ZKc1kzcERRMEZUU1hkRVVWbEtTMjlhU1doMlkwNUJVVVZDUWxGQlJHZG5SVkJCUkVORFFWRnZRMmRuUlVKQlRXMDJDazFtT1VOMlpXdFdOeTkwVFhJMVJuWmtabmx2TUhWUFprSkdjVEp4ZG5OaGNtTkJiMVJCSzNkV1R6bHlWV0k0Vm1neVdpdDBXbUpsYVVrcllpdEdOemdLWlZSVGVYQk1SalJxT1dsUVdpOUlSMlZHZVRWeGRrNUpOa2hTYW5nclUzWkxZWEJXYlZOTk1taE1RalJzYm5WdEwxUm1jVXRhWmpKTGMxQnFTUzkwVGdwbFVWVkxOalJFV0dkSVNUY3pSbVpzYlZSdWJWSkVkV1Z1YUhWSVpFc3hiekJCVVVsWFRrcG9kMkZhWVZwelZqaEVabmsxTlVWa2NqaE5hM3AyVjFnd0NrWlVXbkZrVkhsc2FHRkRTMUZVVG1sSVQxbzVTbUk1TlZOUWNqWkpTbEJKTURaNFFrbDNSMnhtY0hZd1IybEJkVTlNTTBSbmFrMHdhalZ5TUU5WFVGTUtla3h2TDFoRlJVeFpSR2xOYlRodVZFUm9iR1JhUmpkVWVWVk1Vekp6UVZKUVdpOTVkRFo0VlZOaGEydHpZWEZhTDBwalRFZHRNek5KTm1GWlRXWTRiUXBRWkVKQlFVRXJWVkJNVVZaSU1qaFFVMlJqUTBGM1JVRkJZVTFxVFVORmQwUm5XVVJXVWpCUVFWRklMMEpCVVVSQlowdHJUVUU0UjBFeFZXUkZkMFZDQ2k5M1VVWk5RVTFDUVdZNGQwUlJXVXBMYjFwSmFIWmpUa0ZSUlV4Q1VVRkVaMmRGUWtGR2NGZFlWWFp5ZUcxSmRuRmxURTlLVmpCa05UZFRlSG8wT1ZFS1ZtczBRWHA2YkU1elMyZENkMmxYYlZWUU4yMDBVa3BNUlZKd1pVTlpiSEZwY2tSa0t6WkVNbmxOVTNsT1NVRkpNVFUwZW05R2VDdG9iV3c1SzNwQ053cG9ZblpqTTBaMmExUk5iazR2UW5kcVEyRXJiMFpPVGpkQlNuTkRUV3BIZG0xbVdrSklSbXRwVUhaak1uRmxXbVYzWjA1WmRHMDFWMUpCZVRacmEweHpDaTl1UlZwYVNqWnplazVJTldoRldrVnJXVkZJU0d0NlFVbzVhbFJTTWxWQldsTlNkWGRMZWpCc2JDdEZZbkJoTm5KWFNUVTNkR1ZoYjNsUGRuTk9jVVVLVlRoQmFGUTRObTlMZDBKRFJtOTNXRmt4WVVOQ1NGUktUbGR5UlhWbGFXcERWVnB0ZW1aVFYzSkZVVFZPVTNoQmJEaFFkV2RVTkc4NU1IbzFXVlJXS3dwcFdVUlpZM1JqYVRab1dtSmFWVFF4WXpCcE1rNVRSbWhwUlRjdllUQlBXVkV5ZGpCSFUxZzNlalJtYlhwVE5scGxNVVYxUjJablZFSkpZejBLTFMwdExTMUZUa1FnUTBWU1ZFbEdTVU5CVkVVdExTMHRMUW89JyAtLWFwaXNlcnZlci1lbmRwb2ludCAnaHR0cHM6Ly8zOUNCQUEzMkM1MjNCMDg1NjA1MjJBREY0NEU1RkNFRC5ncjcudXMtZWFzdC0xLmVrcy5hbWF6b25hd3MuY29tJyAgLS1rdWJlbGV0LWV4dHJhLWFyZ3MgIiIgJ215LWNsdXN0ZXInCgojIEFsbG93IHVzZXIgc3VwcGxpZWQgdXNlcmRhdGEgY29kZQoK",
            "vpc_classic_link_id": "",
            "vpc_classic_link_security_groups": null
          },
          "private": "bnVsbA==",
          "dependencies": [
            "module.my-cluster.aws_cloudwatch_log_group.this",
            "module.my-cluster.aws_eks_cluster.this",
            "module.my-cluster.aws_iam_instance_profile.workers",
            "module.my-cluster.aws_iam_role.cluster",
            "module.my-cluster.aws_iam_role.workers",
            "module.my-cluster.aws_iam_role_policy_attachment.cluster_AmazonEKSClusterPolicy",
            "module.my-cluster.aws_iam_role_policy_attachment.cluster_AmazonEKSServicePolicy",
            "module.my-cluster.aws_security_group.cluster",
            "module.my-cluster.aws_security_group.workers"
          ]
        }
      ]
    },
    {
      "module": "module.my-cluster",
      "mode": "managed",
      "type": "aws_launch_template",
      "name": "workers_launch_template",
      "each": "list",
      "provider": "provider.aws",
      "instances": []
    },
    {
      "module": "module.my-cluster",
      "mode": "managed",
      "type": "aws_security_group",
      "name": "cluster",
      "each": "list",
      "provider": "provider.aws",
      "instances": [
        {
          "index_key": 0,
          "schema_version": 1,
          "attributes": {
            "arn": "arn:aws:ec2:us-east-1:766488873815:security-group/sg-0d0252196f9b56796",
            "description": "EKS cluster security group.",
            "egress": [],
            "id": "sg-0d0252196f9b56796",
            "ingress": [],
            "name": "my-cluster20200701000557682600000001",
            "name_prefix": "my-cluster",
            "owner_id": "766488873815",
            "revoke_rules_on_delete": false,
            "tags": {
              "Name": "my-cluster-eks_cluster_sg"
            },
            "timeouts": null,
            "vpc_id": "vpc-08323a3a6c5af6500"
          },
          "private": "eyJlMmJmYjczMC1lY2FhLTExZTYtOGY4OC0zNDM2M2JjN2M0YzAiOnsiY3JlYXRlIjo2MDAwMDAwMDAwMDAsImRlbGV0ZSI6NjAwMDAwMDAwMDAwfSwic2NoZW1hX3ZlcnNpb24iOiIxIn0="
        }
      ]
    },
    {
      "module": "module.my-cluster",
      "mode": "managed",
      "type": "aws_security_group",
      "name": "workers",
      "each": "list",
      "provider": "provider.aws",
      "instances": [
        {
          "index_key": 0,
          "schema_version": 1,
          "attributes": {
            "arn": "arn:aws:ec2:us-east-1:766488873815:security-group/sg-0e890271a880a3067",
            "description": "Security group for all nodes in the cluster.",
            "egress": [],
            "id": "sg-0e890271a880a3067",
            "ingress": [],
            "name": "my-cluster20200701001850530700000005",
            "name_prefix": "my-cluster",
            "owner_id": "766488873815",
            "revoke_rules_on_delete": false,
            "tags": {
              "Name": "my-cluster-eks_worker_sg",
              "kubernetes.io/cluster/my-cluster": "owned"
            },
            "timeouts": null,
            "vpc_id": "vpc-08323a3a6c5af6500"
          },
          "private": "eyJlMmJmYjczMC1lY2FhLTExZTYtOGY4OC0zNDM2M2JjN2M0YzAiOnsiY3JlYXRlIjo2MDAwMDAwMDAwMDAsImRlbGV0ZSI6NjAwMDAwMDAwMDAwfSwic2NoZW1hX3ZlcnNpb24iOiIxIn0=",
          "dependencies": [
            "module.my-cluster.aws_cloudwatch_log_group.this",
            "module.my-cluster.aws_eks_cluster.this",
            "module.my-cluster.aws_iam_role.cluster",
            "module.my-cluster.aws_iam_role_policy_attachment.cluster_AmazonEKSClusterPolicy",
            "module.my-cluster.aws_iam_role_policy_attachment.cluster_AmazonEKSServicePolicy",
            "module.my-cluster.aws_security_group.cluster"
          ]
        }
      ]
    },
    {
      "module": "module.my-cluster",
      "mode": "managed",
      "type": "aws_security_group_rule",
      "name": "cluster_egress_internet",
      "each": "list",
      "provider": "provider.aws",
      "instances": [
        {
          "index_key": 0,
          "schema_version": 2,
          "attributes": {
            "cidr_blocks": [
              "0.0.0.0/0"
            ],
            "description": "Allow cluster egress access to the Internet.",
            "from_port": 0,
            "id": "sgrule-2676477501",
            "ipv6_cidr_blocks": null,
            "prefix_list_ids": null,
            "protocol": "-1",
            "security_group_id": "sg-0d0252196f9b56796",
            "self": false,
            "source_security_group_id": null,
            "to_port": 0,
            "type": "egress"
          },
          "private": "eyJzY2hlbWFfdmVyc2lvbiI6IjIifQ==",
          "dependencies": [
            "module.my-cluster.aws_security_group.cluster"
          ]
        }
      ]
    },
    {
      "module": "module.my-cluster",
      "mode": "managed",
      "type": "aws_security_group_rule",
      "name": "cluster_https_worker_ingress",
      "each": "list",
      "provider": "provider.aws",
      "instances": [
        {
          "index_key": 0,
          "schema_version": 2,
          "attributes": {
            "cidr_blocks": null,
            "description": "Allow pods to communicate with the EKS cluster API.",
            "from_port": 443,
            "id": "sgrule-2655196796",
            "ipv6_cidr_blocks": null,
            "prefix_list_ids": null,
            "protocol": "tcp",
            "security_group_id": "sg-0d0252196f9b56796",
            "self": false,
            "source_security_group_id": "sg-0e890271a880a3067",
            "to_port": 443,
            "type": "ingress"
          },
          "private": "eyJzY2hlbWFfdmVyc2lvbiI6IjIifQ==",
          "dependencies": [
            "module.my-cluster.aws_cloudwatch_log_group.this",
            "module.my-cluster.aws_eks_cluster.this",
            "module.my-cluster.aws_iam_role.cluster",
            "module.my-cluster.aws_iam_role_policy_attachment.cluster_AmazonEKSClusterPolicy",
            "module.my-cluster.aws_iam_role_policy_attachment.cluster_AmazonEKSServicePolicy",
            "module.my-cluster.aws_security_group.cluster",
            "module.my-cluster.aws_security_group.workers"
          ]
        }
      ]
    },
    {
      "module": "module.my-cluster",
      "mode": "managed",
      "type": "aws_security_group_rule",
      "name": "cluster_private_access",
      "each": "list",
      "provider": "provider.aws",
      "instances": []
    },
    {
      "module": "module.my-cluster",
      "mode": "managed",
      "type": "aws_security_group_rule",
      "name": "workers_egress_internet",
      "each": "list",
      "provider": "provider.aws",
      "instances": [
        {
          "index_key": 0,
          "schema_version": 2,
          "attributes": {
            "cidr_blocks": [
              "0.0.0.0/0"
            ],
            "description": "Allow nodes all egress to the Internet.",
            "from_port": 0,
            "id": "sgrule-3725673795",
            "ipv6_cidr_blocks": null,
            "prefix_list_ids": null,
            "protocol": "-1",
            "security_group_id": "sg-0e890271a880a3067",
            "self": false,
            "source_security_group_id": null,
            "to_port": 0,
            "type": "egress"
          },
          "private": "eyJzY2hlbWFfdmVyc2lvbiI6IjIifQ==",
          "dependencies": [
            "module.my-cluster.aws_cloudwatch_log_group.this",
            "module.my-cluster.aws_eks_cluster.this",
            "module.my-cluster.aws_iam_role.cluster",
            "module.my-cluster.aws_iam_role_policy_attachment.cluster_AmazonEKSClusterPolicy",
            "module.my-cluster.aws_iam_role_policy_attachment.cluster_AmazonEKSServicePolicy",
            "module.my-cluster.aws_security_group.cluster",
            "module.my-cluster.aws_security_group.workers"
          ]
        }
      ]
    },
    {
      "module": "module.my-cluster",
      "mode": "managed",
      "type": "aws_security_group_rule",
      "name": "workers_ingress_cluster",
      "each": "list",
      "provider": "provider.aws",
      "instances": [
        {
          "index_key": 0,
          "schema_version": 2,
          "attributes": {
            "cidr_blocks": null,
            "description": "Allow workers pods to receive communication from the cluster control plane.",
            "from_port": 1025,
            "id": "sgrule-1197811956",
            "ipv6_cidr_blocks": null,
            "prefix_list_ids": null,
            "protocol": "tcp",
            "security_group_id": "sg-0e890271a880a3067",
            "self": false,
            "source_security_group_id": "sg-0d0252196f9b56796",
            "to_port": 65535,
            "type": "ingress"
          },
          "private": "eyJzY2hlbWFfdmVyc2lvbiI6IjIifQ==",
          "dependencies": [
            "module.my-cluster.aws_cloudwatch_log_group.this",
            "module.my-cluster.aws_eks_cluster.this",
            "module.my-cluster.aws_iam_role.cluster",
            "module.my-cluster.aws_iam_role_policy_attachment.cluster_AmazonEKSClusterPolicy",
            "module.my-cluster.aws_iam_role_policy_attachment.cluster_AmazonEKSServicePolicy",
            "module.my-cluster.aws_security_group.cluster",
            "module.my-cluster.aws_security_group.workers"
          ]
        }
      ]
    },
    {
      "module": "module.my-cluster",
      "mode": "managed",
      "type": "aws_security_group_rule",
      "name": "workers_ingress_cluster_https",
      "each": "list",
      "provider": "provider.aws",
      "instances": [
        {
          "index_key": 0,
          "schema_version": 2,
          "attributes": {
            "cidr_blocks": null,
            "description": "Allow pods running extension API servers on port 443 to receive communication from cluster control plane.",
            "from_port": 443,
            "id": "sgrule-460799115",
            "ipv6_cidr_blocks": null,
            "prefix_list_ids": null,
            "protocol": "tcp",
            "security_group_id": "sg-0e890271a880a3067",
            "self": false,
            "source_security_group_id": "sg-0d0252196f9b56796",
            "to_port": 443,
            "type": "ingress"
          },
          "private": "eyJzY2hlbWFfdmVyc2lvbiI6IjIifQ==",
          "dependencies": [
            "module.my-cluster.aws_cloudwatch_log_group.this",
            "module.my-cluster.aws_eks_cluster.this",
            "module.my-cluster.aws_iam_role.cluster",
            "module.my-cluster.aws_iam_role_policy_attachment.cluster_AmazonEKSClusterPolicy",
            "module.my-cluster.aws_iam_role_policy_attachment.cluster_AmazonEKSServicePolicy",
            "module.my-cluster.aws_security_group.cluster",
            "module.my-cluster.aws_security_group.workers"
          ]
        }
      ]
    },
    {
      "module": "module.my-cluster",
      "mode": "managed",
      "type": "aws_security_group_rule",
      "name": "workers_ingress_cluster_kubelet",
      "each": "list",
      "provider": "provider.aws",
      "instances": []
    },
    {
      "module": "module.my-cluster",
      "mode": "managed",
      "type": "aws_security_group_rule",
      "name": "workers_ingress_self",
      "each": "list",
      "provider": "provider.aws",
      "instances": [
        {
          "index_key": 0,
          "schema_version": 2,
          "attributes": {
            "cidr_blocks": null,
            "description": "Allow node to communicate with each other.",
            "from_port": 0,
            "id": "sgrule-1974455225",
            "ipv6_cidr_blocks": null,
            "prefix_list_ids": null,
            "protocol": "-1",
            "security_group_id": "sg-0e890271a880a3067",
            "self": false,
            "source_security_group_id": "sg-0e890271a880a3067",
            "to_port": 65535,
            "type": "ingress"
          },
          "private": "eyJzY2hlbWFfdmVyc2lvbiI6IjIifQ==",
          "dependencies": [
            "module.my-cluster.aws_cloudwatch_log_group.this",
            "module.my-cluster.aws_eks_cluster.this",
            "module.my-cluster.aws_iam_role.cluster",
            "module.my-cluster.aws_iam_role_policy_attachment.cluster_AmazonEKSClusterPolicy",
            "module.my-cluster.aws_iam_role_policy_attachment.cluster_AmazonEKSServicePolicy",
            "module.my-cluster.aws_security_group.cluster",
            "module.my-cluster.aws_security_group.workers"
          ]
        }
      ]
    },
    {
      "module": "module.my-cluster",
      "mode": "managed",
      "type": "kubernetes_config_map",
      "name": "aws_auth",
      "each": "list",
      "provider": "provider.kubernetes",
      "instances": [
        {
          "index_key": 0,
          "schema_version": 0,
          "attributes": {
            "binary_data": null,
            "data": {
              "mapAccounts": "[]\n",
              "mapRoles": "- \"groups\":\n  - \"system:bootstrappers\"\n  - \"system:nodes\"\n  \"rolearn\": \"arn:aws:iam::766488873815:role/my-cluster20200701001850541100000006\"\n  \"username\": \"system:node:{{EC2PrivateDNSName}}\"\n",
              "mapUsers": "[]\n"
            },
            "id": "kube-system/aws-auth",
            "metadata": [
              {
                "annotations": null,
                "generate_name": "",
                "generation": 0,
                "labels": null,
                "name": "aws-auth",
                "namespace": "kube-system",
                "resource_version": "857",
                "self_link": "/api/v1/namespaces/kube-system/configmaps/aws-auth",
                "uid": "0c783e19-bb31-11ea-85c9-02cc164aa183"
              }
            ]
          },
          "private": "bnVsbA==",
          "dependencies": [
            "module.my-cluster.aws_cloudwatch_log_group.this",
            "module.my-cluster.aws_eks_cluster.this",
            "module.my-cluster.aws_iam_instance_profile.workers",
            "module.my-cluster.aws_iam_instance_profile.workers_launch_template",
            "module.my-cluster.aws_iam_role.cluster",
            "module.my-cluster.aws_iam_role.workers",
            "module.my-cluster.aws_iam_role_policy_attachment.cluster_AmazonEKSClusterPolicy",
            "module.my-cluster.aws_iam_role_policy_attachment.cluster_AmazonEKSServicePolicy",
            "module.my-cluster.aws_security_group.cluster",
            "module.my-cluster.aws_security_group_rule.cluster_private_access",
            "module.my-cluster.null_resource.wait_for_cluster"
          ]
        }
      ]
    },
    {
      "module": "module.my-cluster",
      "mode": "managed",
      "type": "local_file",
      "name": "kubeconfig",
      "each": "list",
      "provider": "provider.local",
      "instances": [
        {
          "index_key": 0,
          "schema_version": 0,
          "attributes": {
            "content": "apiVersion: v1\npreferences: {}\nkind: Config\n\nclusters:\n- cluster:\n    server: https://39CBAA32C523B08560522ADF44E5FCED.gr7.us-east-1.eks.amazonaws.com\n    certificate-authority-data: LS0tLS1CRUdJTiBDRVJUSUZJQ0FURS0tLS0tCk1JSUN5RENDQWJDZ0F3SUJBZ0lCQURBTkJna3Foa2lHOXcwQkFRc0ZBREFWTVJNd0VRWURWUVFERXdwcmRXSmwKY201bGRHVnpNQjRYRFRJd01EY3dNVEF3TVRVek4xb1hEVE13TURZeU9UQXdNVFV6TjFvd0ZURVRNQkVHQTFVRQpBeE1LYTNWaVpYSnVaWFJsY3pDQ0FTSXdEUVlKS29aSWh2Y05BUUVCQlFBRGdnRVBBRENDQVFvQ2dnRUJBTW02Ck1mOUN2ZWtWNy90TXI1RnZkZnlvMHVPZkJGcTJxdnNhcmNBb1RBK3dWTzlyVWI4VmgyWit0WmJlaUkrYitGNzgKZVRTeXBMRjRqOWlQWi9IR2VGeTVxdk5JNkhSangrU3ZLYXBWbVNNMmhMQjRsbnVtL1RmcUtaZjJLc1BqSS90TgplUVVLNjREWGdISTczRmZsbVRubVJEdWVuaHVIZEsxbzBBUUlXTkpod2FaYVpzVjhEZnk1NUVkcjhNa3p2V1gwCkZUWnFkVHlsaGFDS1FUTmlIT1o5SmI5NVNQcjZJSlBJMDZ4Qkl3R2xmcHYwR2lBdU9MM0Rnak0wajVyME9XUFMKekxvL1hFRUxZRGlNbThuVERobGRaRjdUeVVMUzJzQVJQWi95dDZ4VVNha2tzYXFaL0pjTEdtMzNJNmFZTWY4bQpQZEJBQUErVVBMUVZIMjhQU2RjQ0F3RUFBYU1qTUNFd0RnWURWUjBQQVFIL0JBUURBZ0trTUE4R0ExVWRFd0VCCi93UUZNQU1CQWY4d0RRWUpLb1pJaHZjTkFRRUxCUUFEZ2dFQkFGcFdYVXZyeG1JdnFlTE9KVjBkNTdTeHo0OVEKVms0QXp6bE5zS2dCd2lXbVVQN200UkpMRVJwZUNZbHFpckRkKzZEMnlNU3lOSUFJMTU0em9GeCtobWw5K3pCNwpoYnZjM0Z2a1RNbk4vQndqQ2Erb0ZOTjdBSnNDTWpHdm1mWkJIRmtpUHZjMnFlWmV3Z05ZdG01V1JBeTZra0xzCi9uRVpaSjZzek5INWhFWkVrWVFISGt6QUo5alRSMlVBWlNSdXdLejBsbCtFYnBhNnJXSTU3dGVhb3lPdnNOcUUKVThBaFQ4Nm9Ld0JDRm93WFkxYUNCSFRKTldyRXVlaWpDVVptemZTV3JFUTVOU3hBbDhQdWdUNG85MHo1WVRWKwppWURZY3RjaTZoWmJaVTQxYzBpMk5TRmhpRTcvYTBPWVEydjBHU1g3ejRmbXpTNlplMUV1R2ZnVEJJYz0KLS0tLS1FTkQgQ0VSVElGSUNBVEUtLS0tLQo=\n  name: eks_my-cluster\n\ncontexts:\n- context:\n    cluster: eks_my-cluster\n    user: eks_my-cluster\n  name: eks_my-cluster\n\ncurrent-context: eks_my-cluster\n\nusers:\n- name: eks_my-cluster\n  user:\n    exec:\n      apiVersion: client.authentication.k8s.io/v1alpha1\n      command: aws-iam-authenticator\n      args:\n        - \"token\"\n        - \"-i\"\n        - \"my-cluster\"",
            "content_base64": null,
            "directory_permission": "0755",
            "file_permission": "0644",
            "filename": "./kubeconfig_my-cluster",
            "id": "0d9e990c4c9ed47edab2443a3ad802dd2a161338",
            "sensitive_content": null
          },
          "private": "bnVsbA==",
          "dependencies": [
            "module.my-cluster.aws_cloudwatch_log_group.this",
            "module.my-cluster.aws_eks_cluster.this",
            "module.my-cluster.aws_iam_role.cluster",
            "module.my-cluster.aws_iam_role_policy_attachment.cluster_AmazonEKSClusterPolicy",
            "module.my-cluster.aws_iam_role_policy_attachment.cluster_AmazonEKSServicePolicy",
            "module.my-cluster.aws_security_group.cluster"
          ]
        }
      ]
    },
    {
      "module": "module.my-cluster",
      "mode": "managed",
      "type": "null_resource",
      "name": "wait_for_cluster",
      "each": "list",
      "provider": "provider.null",
      "instances": [
        {
          "index_key": 0,
          "schema_version": 0,
          "attributes": {
            "id": "6158583590343541616",
            "triggers": null
          },
          "private": "bnVsbA==",
          "dependencies": [
            "module.my-cluster.aws_cloudwatch_log_group.this",
            "module.my-cluster.aws_eks_cluster.this",
            "module.my-cluster.aws_iam_role.cluster",
            "module.my-cluster.aws_iam_role_policy_attachment.cluster_AmazonEKSClusterPolicy",
            "module.my-cluster.aws_iam_role_policy_attachment.cluster_AmazonEKSServicePolicy",
            "module.my-cluster.aws_security_group.cluster",
            "module.my-cluster.aws_security_group_rule.cluster_private_access"
          ]
        }
      ]
    },
    {
      "module": "module.my-cluster.module.node_groups",
      "mode": "managed",
      "type": "random_pet",
      "name": "node_groups",
      "each": "map",
      "provider": "provider.random",
      "instances": []
    },
    {
      "module": "module.my-cluster",
      "mode": "managed",
      "type": "random_pet",
      "name": "workers",
      "each": "list",
      "provider": "provider.random",
      "instances": [
        {
          "index_key": 0,
          "schema_version": 0,
          "attributes": {
            "id": "warm-gecko",
            "keepers": {
              "lc_name": "my-cluster-02020070100185450390000000b"
            },
            "length": 2,
            "prefix": null,
            "separator": "-"
          },
          "private": "bnVsbA==",
          "dependencies": [
            "module.my-cluster.aws_cloudwatch_log_group.this",
            "module.my-cluster.aws_eks_cluster.this",
            "module.my-cluster.aws_iam_instance_profile.workers",
            "module.my-cluster.aws_iam_role.cluster",
            "module.my-cluster.aws_iam_role.workers",
            "module.my-cluster.aws_iam_role_policy_attachment.cluster_AmazonEKSClusterPolicy",
            "module.my-cluster.aws_iam_role_policy_attachment.cluster_AmazonEKSServicePolicy",
            "module.my-cluster.aws_launch_configuration.workers",
            "module.my-cluster.aws_security_group.cluster",
            "module.my-cluster.aws_security_group.workers"
          ]
        }
      ]
    },
    {
      "module": "module.my-cluster",
      "mode": "managed",
      "type": "random_pet",
      "name": "workers_launch_template",
      "each": "list",
      "provider": "provider.random",
      "instances": []
    }
  ]
}
